schema: '2.0'
stages:
  data_ingestion:
    cmd: python src/data/data_ingestion.py
    deps:
    - path: src/data/data_ingestion.py
      hash: md5
      md5: 7306d3703fd43b02d53843d7d9c61ad7
      size: 1436
    params:
      params.yaml:
        data_ingestion.test_size: 0.2
    outs:
    - path: data/raw
      hash: md5
      md5: 63ea2af1cf172702c39ca67262ab63dc.dir
      size: 498721
      nfiles: 2
